
Microsoft Visual Studio Solution File, Format Version 12.00
# Visual Studio 15
VisualStudioVersion = 15.0.28307.1062
MinimumVisualStudioVersion = 10.0.40219.1
Project("{F184B08F-C81C-45F6-A57F-5ABD9991F28F}") = "WindowsApp1", "WindowsApp1\WindowsApp1.vbproj", "{ED48ED36-249E-4565-8A87-A977C22800BE}"
EndProject
Global
	GlobalSection(SolutionConfigurationPlatforms) = preSolution
		Debug|Any CPU = Debug|Any CPU
		Release|Any CPU = Release|Any CPU
	EndGlobalSection
	GlobalSection(ProjectConfigurationPlatforms) = postSolution
		{ED48ED36-249E-4565-8A87-A977C22800BE}.Debug|Any CPU.ActiveCfg = Debug|Any CPU
		{ED48ED36-249E-4565-8A87-A977C22800BE}.Debug|Any CPU.Build.0 = Debug|Any CPU
		{ED48ED36-249E-4565-8A87-A977C22800BE}.Release|Any CPU.ActiveCfg = Release|Any CPU
		{ED48ED36-249E-4565-8A87-A977C22800BE}.Release|Any CPU.Build.0 = Release|Any CPU
	EndGlobalSection
	GlobalSection(SolutionProperties) = preSolution
		HideSolutionNode = FALSE
	EndGlobalSection
	GlobalSection(ExtensibilityGlobals) = postSolution
		SolutionGuid = {A259FD76-03CF-47AB-A41D-052168EB138F}
	EndGlobalSection
EndGlobal
